{
  "name": "@smart-todo-app/api",
  "version": "0.1.0",
  "lockfileVersion": 3,
  "requires": true,
  "packages": {
    "": {
      "name": "@smart-todo-app/api",
      "version": "0.1.0",
      "dependencies": {
        "@aws-sdk/client-bedrock-agent-runtime": "^3.777.0",
        "@aws-sdk/client-dynamodb": "^3.445.0",
        "@aws-sdk/lib-dynamodb": "^3.445.0",
        "@types/jsonwebtoken": "^9.0.9",
        "axios": "^1.8.4",
        "cors": "^2.8.5",
        "dotenv": "^16.4.5",
        "express": "^4.18.2",
        "jsonwebtoken": "^9.0.2",
        "jwk-to-pem": "^2.0.5",
        "pino": "^8.16.2",
        "pino-http": "^8.5.1",
        "serverless-http": "^3.2.0",
        "uuid": "^9.0.1"
      },
      "devDependencies": {
        "@types/cors": "^2.8.17",
        "@types/express": "^4.17.21",
        "@types/jwk-to-pem": "^2.0.3",
        "@types/node": "^20.17.27",
        "@types/uuid": "^9.0.7",
        "nodemon": "^3.0.1",
        "ts-node": "^10.9.1",
        "typescript": "^5.2.2"
      }
    }
  }
}
